
Microsoft Visual Studio Solution File, Format Version 12.00
# Visual Studio Express 14 for Web
VisualStudioVersion = 14.0.24720.0
MinimumVisualStudioVersion = 10.0.40219.1
Project("{FAE04EC0-301F-11D3-BF4B-00C04F79EFBC}") = "Kore.Logic.UnitTests", "Kore.Logic.UnitTests\Kore.Logic.UnitTests.csproj", "{8C643254-B39A-49DC-8775-EB832A9210FB}"
EndProject
Project("{FAE04EC0-301F-11D3-BF4B-00C04F79EFBC}") = "Kore.Logic", "Kore.Logic\Kore.Logic.csproj", "{2B8BBD57-BD17-410D-8983-A762E9603E2E}"
EndProject
Global
	GlobalSection(SolutionConfigurationPlatforms) = preSolution
		Debug|Any CPU = Debug|Any CPU
		Release|Any CPU = Release|Any CPU
	EndGlobalSection
	GlobalSection(ProjectConfigurationPlatforms) = postSolution
		{8C643254-B39A-49DC-8775-EB832A9210FB}.Debug|Any CPU.ActiveCfg = Debug|Any CPU
		{8C643254-B39A-49DC-8775-EB832A9210FB}.Debug|Any CPU.Build.0 = Debug|Any CPU
		{8C643254-B39A-49DC-8775-EB832A9210FB}.Release|Any CPU.ActiveCfg = Release|Any CPU
		{8C643254-B39A-49DC-8775-EB832A9210FB}.Release|Any CPU.Build.0 = Release|Any CPU
		{2B8BBD57-BD17-410D-8983-A762E9603E2E}.Debug|Any CPU.ActiveCfg = Debug|Any CPU
		{2B8BBD57-BD17-410D-8983-A762E9603E2E}.Debug|Any CPU.Build.0 = Debug|Any CPU
		{2B8BBD57-BD17-410D-8983-A762E9603E2E}.Release|Any CPU.ActiveCfg = Release|Any CPU
		{2B8BBD57-BD17-410D-8983-A762E9603E2E}.Release|Any CPU.Build.0 = Release|Any CPU
	EndGlobalSection
	GlobalSection(SolutionProperties) = preSolution
		HideSolutionNode = FALSE
	EndGlobalSection
EndGlobal
