
Microsoft Visual Studio Solution File, Format Version 12.00
# Visual Studio Express 14 for Web
VisualStudioVersion = 14.0.24720.0
MinimumVisualStudioVersion = 10.0.40219.1
Project("{FAE04EC0-301F-11D3-BF4B-00C04F79EFBC}") = "Kore.Settings.AcceptanceTests", "Kore.Settings.AcceptanceTests\Kore.Settings.AcceptanceTests.csproj", "{1262D50C-57FA-4DA0-8756-C8B6CD965C65}"
EndProject
Project("{FAE04EC0-301F-11D3-BF4B-00C04F79EFBC}") = "Kore.Settings", "Kore.Settings\Kore.Settings.csproj", "{3116D18A-283F-412C-B1ED-4F204A9B9660}"
EndProject
Project("{FAE04EC0-301F-11D3-BF4B-00C04F79EFBC}") = "Kore.Settings.UnitTests", "Kore.Settings.UnitTests\Kore.Settings.UnitTests.csproj", "{ADA746CD-FFAB-4970-9616-B9470E22431F}"
EndProject
Global
	GlobalSection(SolutionConfigurationPlatforms) = preSolution
		Debug|Any CPU = Debug|Any CPU
		Release|Any CPU = Release|Any CPU
	EndGlobalSection
	GlobalSection(ProjectConfigurationPlatforms) = postSolution
		{1262D50C-57FA-4DA0-8756-C8B6CD965C65}.Debug|Any CPU.ActiveCfg = Debug|Any CPU
		{1262D50C-57FA-4DA0-8756-C8B6CD965C65}.Debug|Any CPU.Build.0 = Debug|Any CPU
		{1262D50C-57FA-4DA0-8756-C8B6CD965C65}.Release|Any CPU.ActiveCfg = Release|Any CPU
		{1262D50C-57FA-4DA0-8756-C8B6CD965C65}.Release|Any CPU.Build.0 = Release|Any CPU
		{3116D18A-283F-412C-B1ED-4F204A9B9660}.Debug|Any CPU.ActiveCfg = Debug|Any CPU
		{3116D18A-283F-412C-B1ED-4F204A9B9660}.Debug|Any CPU.Build.0 = Debug|Any CPU
		{3116D18A-283F-412C-B1ED-4F204A9B9660}.Release|Any CPU.ActiveCfg = Release|Any CPU
		{3116D18A-283F-412C-B1ED-4F204A9B9660}.Release|Any CPU.Build.0 = Release|Any CPU
		{ADA746CD-FFAB-4970-9616-B9470E22431F}.Debug|Any CPU.ActiveCfg = Debug|Any CPU
		{ADA746CD-FFAB-4970-9616-B9470E22431F}.Debug|Any CPU.Build.0 = Debug|Any CPU
		{ADA746CD-FFAB-4970-9616-B9470E22431F}.Release|Any CPU.ActiveCfg = Release|Any CPU
		{ADA746CD-FFAB-4970-9616-B9470E22431F}.Release|Any CPU.Build.0 = Release|Any CPU
	EndGlobalSection
	GlobalSection(SolutionProperties) = preSolution
		HideSolutionNode = FALSE
	EndGlobalSection
EndGlobal
