
Microsoft Visual Studio Solution File, Format Version 12.00
# Visual Studio Express 14 for Web
VisualStudioVersion = 14.0.24720.0
MinimumVisualStudioVersion = 10.0.40219.1
Project("{FAE04EC0-301F-11D3-BF4B-00C04F79EFBC}") = "Kore.UnitTests", "Kore.UnitTests\Kore.UnitTests.csproj", "{B0C9CDAF-BE24-4636-8F23-0000D267E15D}"
EndProject
Project("{FAE04EC0-301F-11D3-BF4B-00C04F79EFBC}") = "Kore", "Kore\Kore.csproj", "{F78425A0-78E8-414A-A935-8D36E6E4F8D0}"
EndProject
Global
	GlobalSection(SolutionConfigurationPlatforms) = preSolution
		Debug|Any CPU = Debug|Any CPU
		Release|Any CPU = Release|Any CPU
	EndGlobalSection
	GlobalSection(ProjectConfigurationPlatforms) = postSolution
		{B0C9CDAF-BE24-4636-8F23-0000D267E15D}.Debug|Any CPU.ActiveCfg = Debug|Any CPU
		{B0C9CDAF-BE24-4636-8F23-0000D267E15D}.Debug|Any CPU.Build.0 = Debug|Any CPU
		{B0C9CDAF-BE24-4636-8F23-0000D267E15D}.Release|Any CPU.ActiveCfg = Release|Any CPU
		{B0C9CDAF-BE24-4636-8F23-0000D267E15D}.Release|Any CPU.Build.0 = Release|Any CPU
		{F78425A0-78E8-414A-A935-8D36E6E4F8D0}.Debug|Any CPU.ActiveCfg = Debug|Any CPU
		{F78425A0-78E8-414A-A935-8D36E6E4F8D0}.Debug|Any CPU.Build.0 = Debug|Any CPU
		{F78425A0-78E8-414A-A935-8D36E6E4F8D0}.Release|Any CPU.ActiveCfg = Release|Any CPU
		{F78425A0-78E8-414A-A935-8D36E6E4F8D0}.Release|Any CPU.Build.0 = Release|Any CPU
	EndGlobalSection
	GlobalSection(SolutionProperties) = preSolution
		HideSolutionNode = FALSE
	EndGlobalSection
EndGlobal
