
Microsoft Visual Studio Solution File, Format Version 12.00
# Visual Studio 14
VisualStudioVersion = 14.0.25123.0
MinimumVisualStudioVersion = 10.0.40219.1
Project("{FAE04EC0-301F-11D3-BF4B-00C04F79EFBC}") = "Kore.IO.AcceptanceTests", "Kore.IO.AcceptanceTests\Kore.IO.AcceptanceTests.csproj", "{5C4210BB-9E9E-46D1-8714-4C76C5AC0ADA}"
EndProject
Project("{FAE04EC0-301F-11D3-BF4B-00C04F79EFBC}") = "Kore.IO", "Kore.IO\Kore.IO.csproj", "{F923D453-B912-4A53-B98F-6A1714692182}"
EndProject
Project("{FAE04EC0-301F-11D3-BF4B-00C04F79EFBC}") = "Kore.IO.UnitTests", "Kore.IO.UnitTests\Kore.IO.UnitTests.csproj", "{33511315-5787-49A5-AF4D-DAFB9F3FB386}"
EndProject
Project("{FAE04EC0-301F-11D3-BF4B-00C04F79EFBC}") = "Kore.IO.TestUtil", "Kore.IO.TestUtil\Kore.IO.TestUtil.csproj", "{A8DD0A32-3E95-4EC9-A7DF-AAE636AB1F9E}"
EndProject
Global
	GlobalSection(SolutionConfigurationPlatforms) = preSolution
		Debug|Any CPU = Debug|Any CPU
		Release|Any CPU = Release|Any CPU
	EndGlobalSection
	GlobalSection(ProjectConfigurationPlatforms) = postSolution
		{5C4210BB-9E9E-46D1-8714-4C76C5AC0ADA}.Debug|Any CPU.ActiveCfg = Debug|Any CPU
		{5C4210BB-9E9E-46D1-8714-4C76C5AC0ADA}.Debug|Any CPU.Build.0 = Debug|Any CPU
		{5C4210BB-9E9E-46D1-8714-4C76C5AC0ADA}.Release|Any CPU.ActiveCfg = Release|Any CPU
		{5C4210BB-9E9E-46D1-8714-4C76C5AC0ADA}.Release|Any CPU.Build.0 = Release|Any CPU
		{F923D453-B912-4A53-B98F-6A1714692182}.Debug|Any CPU.ActiveCfg = Debug|Any CPU
		{F923D453-B912-4A53-B98F-6A1714692182}.Debug|Any CPU.Build.0 = Debug|Any CPU
		{F923D453-B912-4A53-B98F-6A1714692182}.Release|Any CPU.ActiveCfg = Release|Any CPU
		{F923D453-B912-4A53-B98F-6A1714692182}.Release|Any CPU.Build.0 = Release|Any CPU
		{33511315-5787-49A5-AF4D-DAFB9F3FB386}.Debug|Any CPU.ActiveCfg = Debug|Any CPU
		{33511315-5787-49A5-AF4D-DAFB9F3FB386}.Debug|Any CPU.Build.0 = Debug|Any CPU
		{33511315-5787-49A5-AF4D-DAFB9F3FB386}.Release|Any CPU.ActiveCfg = Release|Any CPU
		{33511315-5787-49A5-AF4D-DAFB9F3FB386}.Release|Any CPU.Build.0 = Release|Any CPU
		{A8DD0A32-3E95-4EC9-A7DF-AAE636AB1F9E}.Debug|Any CPU.ActiveCfg = Debug|Any CPU
		{A8DD0A32-3E95-4EC9-A7DF-AAE636AB1F9E}.Debug|Any CPU.Build.0 = Debug|Any CPU
		{A8DD0A32-3E95-4EC9-A7DF-AAE636AB1F9E}.Release|Any CPU.ActiveCfg = Release|Any CPU
		{A8DD0A32-3E95-4EC9-A7DF-AAE636AB1F9E}.Release|Any CPU.Build.0 = Release|Any CPU
	EndGlobalSection
	GlobalSection(SolutionProperties) = preSolution
		HideSolutionNode = FALSE
	EndGlobalSection
EndGlobal
